
Microsoft Visual Studio Solution File, Format Version 12.00
# Visual Studio Version 16
VisualStudioVersion = 16.0.34031.81
MinimumVisualStudioVersion = 10.0.40219.1
Project("{2150E333-8FDC-42A3-9474-1A3956D46DE8}") = "Task0", "Task0", "{C58316D7-7442-4D44-8E01-DF3DCE634F8D}"
EndProject
Project("{FAE04EC0-301F-11D3-BF4B-00C04F79EFBC}") = "Tyuiu.MolodykhVY.Sprint5.Task0.V16", "Tyuiu.MolodykhVY.Sprint5.Task0.V16\Tyuiu.MolodykhVY.Sprint5.Task0.V16.csproj", "{927382A1-73BB-439D-B550-EA5F0D7819C2}"
EndProject
Project("{FAE04EC0-301F-11D3-BF4B-00C04F79EFBC}") = "Tyuiu.MolodykhVY.Sprint5.Task0.V16.Lib", "Tyuiu.MolodykhVY.Sprint5.Task0.V16.Lib\Tyuiu.MolodykhVY.Sprint5.Task0.V16.Lib.csproj", "{BABEB9FB-8671-4138-9A66-8BD23150F3D8}"
EndProject
Project("{FAE04EC0-301F-11D3-BF4B-00C04F79EFBC}") = "Tyuiu.MolodykhVY.Sprint5.Task0.V16.Test", "Tyuiu.MolodykhVY.Sprint5.Task0.V16.Test\Tyuiu.MolodykhVY.Sprint5.Task0.V16.Test.csproj", "{6BE84CCF-E4B8-4C9C-A888-F84695A886E8}"
EndProject
Project("{2150E333-8FDC-42A3-9474-1A3956D46DE8}") = "Task1", "Task1", "{26019378-BBD4-4B56-812F-1AAEC1FDB052}"
EndProject
Project("{FAE04EC0-301F-11D3-BF4B-00C04F79EFBC}") = "Tyuiu.MolodykhVY.Sprint5.Task1.V10", "Tyuiu.MolodykhVY.Sprint5.Task1.V10\Tyuiu.MolodykhVY.Sprint5.Task1.V10.csproj", "{A8E378F2-7386-40DC-8DDA-560AD55089E3}"
EndProject
Project("{FAE04EC0-301F-11D3-BF4B-00C04F79EFBC}") = "Tyuiu.MolodykhVY.Sprint5.Task1.V10.Test", "Tyuiu.MolodykhVY.Sprint5.Task1.V10.Test\Tyuiu.MolodykhVY.Sprint5.Task1.V10.Test.csproj", "{3DB9A729-196C-42AF-B2B9-B84097A03246}"
EndProject
Project("{FAE04EC0-301F-11D3-BF4B-00C04F79EFBC}") = "Tyuiu.MolodykhVY.Sprint5.Task1.V10.Lib", "Tyuiu.MolodykhVY.Sprint5.Task1.V10.Lib\Tyuiu.MolodykhVY.Sprint5.Task1.V10.Lib.csproj", "{3C107180-74F4-479A-A511-7D4EE306CEFF}"
EndProject
Project("{2150E333-8FDC-42A3-9474-1A3956D46DE8}") = "Task2", "Task2", "{5C67FD87-72E3-4312-99EC-A78697000879}"
EndProject
Project("{FAE04EC0-301F-11D3-BF4B-00C04F79EFBC}") = "Tyuiu.MolodykhVY.Sprint5.Task2.V30", "Tyuiu.MolodykhVY.Sprint5.Task2.V30\Tyuiu.MolodykhVY.Sprint5.Task2.V30.csproj", "{19C5512A-760C-495C-924D-20B7275DB8C0}"
EndProject
Project("{FAE04EC0-301F-11D3-BF4B-00C04F79EFBC}") = "Tyuiu.MolodykhVY.Sprint5.Task2.V30.Lib", "Tyuiu.MolodykhVY.Sprint5.Task2.V30.Lib\Tyuiu.MolodykhVY.Sprint5.Task2.V30.Lib.csproj", "{2527A864-16CE-4FB3-BB0C-E9703FB349D1}"
EndProject
Project("{FAE04EC0-301F-11D3-BF4B-00C04F79EFBC}") = "Tyuiu.MolodykhVY.Sprint5.Task2.V30.Test", "Tyuiu.MolodykhVY.Sprint5.Task2.V30.Test\Tyuiu.MolodykhVY.Sprint5.Task2.V30.Test.csproj", "{F02A0467-8665-4487-95F9-F419FCCC5E83}"
EndProject
Project("{2150E333-8FDC-42A3-9474-1A3956D46DE8}") = "Task3", "Task3", "{8FAAD60F-518C-4D18-A725-FA244545782F}"
EndProject
Project("{FAE04EC0-301F-11D3-BF4B-00C04F79EFBC}") = "Tyuiu.MolodykhVY.Sprint5.Task3.V23", "Tyuiu.MolodykhVY.Sprint5.Task3.V23\Tyuiu.MolodykhVY.Sprint5.Task3.V23.csproj", "{7F2AD524-701F-4FE5-A605-AB4148FC5538}"
EndProject
Project("{FAE04EC0-301F-11D3-BF4B-00C04F79EFBC}") = "Tyuiu.MolodykhVY.Sprint5.Task3.V23.Lib", "Tyuiu.MolodykhVY.Sprint5.Task3.V23.Lib\Tyuiu.MolodykhVY.Sprint5.Task3.V23.Lib.csproj", "{7219AD84-81E9-4398-8F71-AC67E0EDF76D}"
EndProject
Project("{FAE04EC0-301F-11D3-BF4B-00C04F79EFBC}") = "Tyuiu.MolodykhVY.Sprint5.Task3.V23.Test", "Tyuiu.MolodykhVY.Sprint5.Task3.V23.Test\Tyuiu.MolodykhVY.Sprint5.Task3.V23.Test.csproj", "{4D300E0C-89EE-454C-A3C1-B7B4E0D883B8}"
EndProject
Project("{2150E333-8FDC-42A3-9474-1A3956D46DE8}") = "Task4", "Task4", "{D4BD4696-1718-464C-8A61-C545A8E6D006}"
EndProject
Project("{FAE04EC0-301F-11D3-BF4B-00C04F79EFBC}") = "Tyuiu.MolodykhVY.Sprint5.Task4.V6", "Tyuiu.MolodykhVY.Sprint5.Task4.V6\Tyuiu.MolodykhVY.Sprint5.Task4.V6.csproj", "{0E7464DF-44C0-43E6-AB0F-E53CDB0C4001}"
EndProject
Project("{FAE04EC0-301F-11D3-BF4B-00C04F79EFBC}") = "Tyuiu.MolodykhVY.Sprint5.Task4.V6.Lib", "Tyuiu.MolodykhVY.Sprint5.Task4.V6.Lib\Tyuiu.MolodykhVY.Sprint5.Task4.V6.Lib.csproj", "{A8997C79-F284-4DDB-A309-2F9C768BC753}"
EndProject
Project("{FAE04EC0-301F-11D3-BF4B-00C04F79EFBC}") = "Tyuiu.MolodykhVY.Sprint5.Task4.V6.Test", "Tyuiu.MolodykhVY.Sprint5.Task4.V6.Test\Tyuiu.MolodykhVY.Sprint5.Task4.V6.Test.csproj", "{042B1DDA-A314-4388-8533-A638BB417148}"
EndProject
Project("{2150E333-8FDC-42A3-9474-1A3956D46DE8}") = "Task5", "Task5", "{DB87EC80-D15F-4529-A1DA-0BC752A6AF5E}"
EndProject
Project("{FAE04EC0-301F-11D3-BF4B-00C04F79EFBC}") = "Tyuiu.MolodykhVY.Sprint5.Task5.V24", "Tyuiu.MolodykhVY.Sprint5.Task5.V24\Tyuiu.MolodykhVY.Sprint5.Task5.V24.csproj", "{5ADC9ECD-9E2F-451C-9824-DAE0A2FBECC2}"
EndProject
Project("{FAE04EC0-301F-11D3-BF4B-00C04F79EFBC}") = "Tyuiu.MolodykhVY.Sprint5.Task5.V24.Lib", "Tyuiu.MolodykhVY.Sprint5.Task5.V24.Lib\Tyuiu.MolodykhVY.Sprint5.Task5.V24.Lib.csproj", "{E5920BF7-3BEB-42BF-B984-A58F32436E32}"
EndProject
Project("{FAE04EC0-301F-11D3-BF4B-00C04F79EFBC}") = "Tyuiu.MolodykhVY.Sprint5.Task5.V24.Test", "Tyuiu.MolodykhVY.Sprint5.Task5.V24.Test\Tyuiu.MolodykhVY.Sprint5.Task5.V24.Test.csproj", "{8433DF87-742B-40E2-A9C6-7CA6797BD0D7}"
EndProject
Project("{2150E333-8FDC-42A3-9474-1A3956D46DE8}") = "Task6", "Task6", "{390EE4C4-12C0-4DC1-8895-2482D4C5BDDD}"
EndProject
Project("{FAE04EC0-301F-11D3-BF4B-00C04F79EFBC}") = "Tyuiu.MolodykhVY.Sprint5.Task6.V18", "Tyuiu.MolodykhVY.Sprint5.Task6.V18\Tyuiu.MolodykhVY.Sprint5.Task6.V18.csproj", "{41E22AF9-9001-44B8-B34B-80CFF0EE18DA}"
EndProject
Project("{FAE04EC0-301F-11D3-BF4B-00C04F79EFBC}") = "Tyuiu.MolodykhVY.Sprint5.Task6.V18.Lib", "Tyuiu.MolodykhVY.Sprint5.Task6.V18.Lib\Tyuiu.MolodykhVY.Sprint5.Task6.V18.Lib.csproj", "{D3C45179-5E64-46B7-A690-1C56342009DA}"
EndProject
Project("{FAE04EC0-301F-11D3-BF4B-00C04F79EFBC}") = "Tyuiu.MolodykhVY.Sprint5.Task6.V18.Test", "Tyuiu.MolodykhVY.Sprint5.Task6.V18.Test\Tyuiu.MolodykhVY.Sprint5.Task6.V18.Test.csproj", "{8B8E76C8-229E-404A-AA6D-3822971F6ECF}"
EndProject
Global
	GlobalSection(SolutionConfigurationPlatforms) = preSolution
		Debug|Any CPU = Debug|Any CPU
		Release|Any CPU = Release|Any CPU
	EndGlobalSection
	GlobalSection(ProjectConfigurationPlatforms) = postSolution
		{927382A1-73BB-439D-B550-EA5F0D7819C2}.Debug|Any CPU.ActiveCfg = Debug|Any CPU
		{927382A1-73BB-439D-B550-EA5F0D7819C2}.Debug|Any CPU.Build.0 = Debug|Any CPU
		{927382A1-73BB-439D-B550-EA5F0D7819C2}.Release|Any CPU.ActiveCfg = Release|Any CPU
		{927382A1-73BB-439D-B550-EA5F0D7819C2}.Release|Any CPU.Build.0 = Release|Any CPU
		{BABEB9FB-8671-4138-9A66-8BD23150F3D8}.Debug|Any CPU.ActiveCfg = Debug|Any CPU
		{BABEB9FB-8671-4138-9A66-8BD23150F3D8}.Debug|Any CPU.Build.0 = Debug|Any CPU
		{BABEB9FB-8671-4138-9A66-8BD23150F3D8}.Release|Any CPU.ActiveCfg = Release|Any CPU
		{BABEB9FB-8671-4138-9A66-8BD23150F3D8}.Release|Any CPU.Build.0 = Release|Any CPU
		{6BE84CCF-E4B8-4C9C-A888-F84695A886E8}.Debug|Any CPU.ActiveCfg = Debug|Any CPU
		{6BE84CCF-E4B8-4C9C-A888-F84695A886E8}.Debug|Any CPU.Build.0 = Debug|Any CPU
		{6BE84CCF-E4B8-4C9C-A888-F84695A886E8}.Release|Any CPU.ActiveCfg = Release|Any CPU
		{6BE84CCF-E4B8-4C9C-A888-F84695A886E8}.Release|Any CPU.Build.0 = Release|Any CPU
		{A8E378F2-7386-40DC-8DDA-560AD55089E3}.Debug|Any CPU.ActiveCfg = Debug|Any CPU
		{A8E378F2-7386-40DC-8DDA-560AD55089E3}.Debug|Any CPU.Build.0 = Debug|Any CPU
		{A8E378F2-7386-40DC-8DDA-560AD55089E3}.Release|Any CPU.ActiveCfg = Release|Any CPU
		{A8E378F2-7386-40DC-8DDA-560AD55089E3}.Release|Any CPU.Build.0 = Release|Any CPU
		{3DB9A729-196C-42AF-B2B9-B84097A03246}.Debug|Any CPU.ActiveCfg = Debug|Any CPU
		{3DB9A729-196C-42AF-B2B9-B84097A03246}.Debug|Any CPU.Build.0 = Debug|Any CPU
		{3DB9A729-196C-42AF-B2B9-B84097A03246}.Release|Any CPU.ActiveCfg = Release|Any CPU
		{3DB9A729-196C-42AF-B2B9-B84097A03246}.Release|Any CPU.Build.0 = Release|Any CPU
		{3C107180-74F4-479A-A511-7D4EE306CEFF}.Debug|Any CPU.ActiveCfg = Debug|Any CPU
		{3C107180-74F4-479A-A511-7D4EE306CEFF}.Debug|Any CPU.Build.0 = Debug|Any CPU
		{3C107180-74F4-479A-A511-7D4EE306CEFF}.Release|Any CPU.ActiveCfg = Release|Any CPU
		{3C107180-74F4-479A-A511-7D4EE306CEFF}.Release|Any CPU.Build.0 = Release|Any CPU
		{19C5512A-760C-495C-924D-20B7275DB8C0}.Debug|Any CPU.ActiveCfg = Debug|Any CPU
		{19C5512A-760C-495C-924D-20B7275DB8C0}.Debug|Any CPU.Build.0 = Debug|Any CPU
		{19C5512A-760C-495C-924D-20B7275DB8C0}.Release|Any CPU.ActiveCfg = Release|Any CPU
		{19C5512A-760C-495C-924D-20B7275DB8C0}.Release|Any CPU.Build.0 = Release|Any CPU
		{2527A864-16CE-4FB3-BB0C-E9703FB349D1}.Debug|Any CPU.ActiveCfg = Debug|Any CPU
		{2527A864-16CE-4FB3-BB0C-E9703FB349D1}.Debug|Any CPU.Build.0 = Debug|Any CPU
		{2527A864-16CE-4FB3-BB0C-E9703FB349D1}.Release|Any CPU.ActiveCfg = Release|Any CPU
		{2527A864-16CE-4FB3-BB0C-E9703FB349D1}.Release|Any CPU.Build.0 = Release|Any CPU
		{F02A0467-8665-4487-95F9-F419FCCC5E83}.Debug|Any CPU.ActiveCfg = Debug|Any CPU
		{F02A0467-8665-4487-95F9-F419FCCC5E83}.Debug|Any CPU.Build.0 = Debug|Any CPU
		{F02A0467-8665-4487-95F9-F419FCCC5E83}.Release|Any CPU.ActiveCfg = Release|Any CPU
		{F02A0467-8665-4487-95F9-F419FCCC5E83}.Release|Any CPU.Build.0 = Release|Any CPU
		{7F2AD524-701F-4FE5-A605-AB4148FC5538}.Debug|Any CPU.ActiveCfg = Debug|Any CPU
		{7F2AD524-701F-4FE5-A605-AB4148FC5538}.Debug|Any CPU.Build.0 = Debug|Any CPU
		{7F2AD524-701F-4FE5-A605-AB4148FC5538}.Release|Any CPU.ActiveCfg = Release|Any CPU
		{7F2AD524-701F-4FE5-A605-AB4148FC5538}.Release|Any CPU.Build.0 = Release|Any CPU
		{7219AD84-81E9-4398-8F71-AC67E0EDF76D}.Debug|Any CPU.ActiveCfg = Debug|Any CPU
		{7219AD84-81E9-4398-8F71-AC67E0EDF76D}.Debug|Any CPU.Build.0 = Debug|Any CPU
		{7219AD84-81E9-4398-8F71-AC67E0EDF76D}.Release|Any CPU.ActiveCfg = Release|Any CPU
		{7219AD84-81E9-4398-8F71-AC67E0EDF76D}.Release|Any CPU.Build.0 = Release|Any CPU
		{4D300E0C-89EE-454C-A3C1-B7B4E0D883B8}.Debug|Any CPU.ActiveCfg = Debug|Any CPU
		{4D300E0C-89EE-454C-A3C1-B7B4E0D883B8}.Debug|Any CPU.Build.0 = Debug|Any CPU
		{4D300E0C-89EE-454C-A3C1-B7B4E0D883B8}.Release|Any CPU.ActiveCfg = Release|Any CPU
		{4D300E0C-89EE-454C-A3C1-B7B4E0D883B8}.Release|Any CPU.Build.0 = Release|Any CPU
		{0E7464DF-44C0-43E6-AB0F-E53CDB0C4001}.Debug|Any CPU.ActiveCfg = Debug|Any CPU
		{0E7464DF-44C0-43E6-AB0F-E53CDB0C4001}.Debug|Any CPU.Build.0 = Debug|Any CPU
		{0E7464DF-44C0-43E6-AB0F-E53CDB0C4001}.Release|Any CPU.ActiveCfg = Release|Any CPU
		{0E7464DF-44C0-43E6-AB0F-E53CDB0C4001}.Release|Any CPU.Build.0 = Release|Any CPU
		{A8997C79-F284-4DDB-A309-2F9C768BC753}.Debug|Any CPU.ActiveCfg = Debug|Any CPU
		{A8997C79-F284-4DDB-A309-2F9C768BC753}.Debug|Any CPU.Build.0 = Debug|Any CPU
		{A8997C79-F284-4DDB-A309-2F9C768BC753}.Release|Any CPU.ActiveCfg = Release|Any CPU
		{A8997C79-F284-4DDB-A309-2F9C768BC753}.Release|Any CPU.Build.0 = Release|Any CPU
		{042B1DDA-A314-4388-8533-A638BB417148}.Debug|Any CPU.ActiveCfg = Debug|Any CPU
		{042B1DDA-A314-4388-8533-A638BB417148}.Debug|Any CPU.Build.0 = Debug|Any CPU
		{042B1DDA-A314-4388-8533-A638BB417148}.Release|Any CPU.ActiveCfg = Release|Any CPU
		{042B1DDA-A314-4388-8533-A638BB417148}.Release|Any CPU.Build.0 = Release|Any CPU
		{5ADC9ECD-9E2F-451C-9824-DAE0A2FBECC2}.Debug|Any CPU.ActiveCfg = Debug|Any CPU
		{5ADC9ECD-9E2F-451C-9824-DAE0A2FBECC2}.Debug|Any CPU.Build.0 = Debug|Any CPU
		{5ADC9ECD-9E2F-451C-9824-DAE0A2FBECC2}.Release|Any CPU.ActiveCfg = Release|Any CPU
		{5ADC9ECD-9E2F-451C-9824-DAE0A2FBECC2}.Release|Any CPU.Build.0 = Release|Any CPU
		{E5920BF7-3BEB-42BF-B984-A58F32436E32}.Debug|Any CPU.ActiveCfg = Debug|Any CPU
		{E5920BF7-3BEB-42BF-B984-A58F32436E32}.Debug|Any CPU.Build.0 = Debug|Any CPU
		{E5920BF7-3BEB-42BF-B984-A58F32436E32}.Release|Any CPU.ActiveCfg = Release|Any CPU
		{E5920BF7-3BEB-42BF-B984-A58F32436E32}.Release|Any CPU.Build.0 = Release|Any CPU
		{8433DF87-742B-40E2-A9C6-7CA6797BD0D7}.Debug|Any CPU.ActiveCfg = Debug|Any CPU
		{8433DF87-742B-40E2-A9C6-7CA6797BD0D7}.Debug|Any CPU.Build.0 = Debug|Any CPU
		{8433DF87-742B-40E2-A9C6-7CA6797BD0D7}.Release|Any CPU.ActiveCfg = Release|Any CPU
		{8433DF87-742B-40E2-A9C6-7CA6797BD0D7}.Release|Any CPU.Build.0 = Release|Any CPU
		{41E22AF9-9001-44B8-B34B-80CFF0EE18DA}.Debug|Any CPU.ActiveCfg = Debug|Any CPU
		{41E22AF9-9001-44B8-B34B-80CFF0EE18DA}.Debug|Any CPU.Build.0 = Debug|Any CPU
		{41E22AF9-9001-44B8-B34B-80CFF0EE18DA}.Release|Any CPU.ActiveCfg = Release|Any CPU
		{41E22AF9-9001-44B8-B34B-80CFF0EE18DA}.Release|Any CPU.Build.0 = Release|Any CPU
		{D3C45179-5E64-46B7-A690-1C56342009DA}.Debug|Any CPU.ActiveCfg = Debug|Any CPU
		{D3C45179-5E64-46B7-A690-1C56342009DA}.Debug|Any CPU.Build.0 = Debug|Any CPU
		{D3C45179-5E64-46B7-A690-1C56342009DA}.Release|Any CPU.ActiveCfg = Release|Any CPU
		{D3C45179-5E64-46B7-A690-1C56342009DA}.Release|Any CPU.Build.0 = Release|Any CPU
		{8B8E76C8-229E-404A-AA6D-3822971F6ECF}.Debug|Any CPU.ActiveCfg = Debug|Any CPU
		{8B8E76C8-229E-404A-AA6D-3822971F6ECF}.Debug|Any CPU.Build.0 = Debug|Any CPU
		{8B8E76C8-229E-404A-AA6D-3822971F6ECF}.Release|Any CPU.ActiveCfg = Release|Any CPU
		{8B8E76C8-229E-404A-AA6D-3822971F6ECF}.Release|Any CPU.Build.0 = Release|Any CPU
	EndGlobalSection
	GlobalSection(SolutionProperties) = preSolution
		HideSolutionNode = FALSE
	EndGlobalSection
	GlobalSection(NestedProjects) = preSolution
		{927382A1-73BB-439D-B550-EA5F0D7819C2} = {C58316D7-7442-4D44-8E01-DF3DCE634F8D}
		{BABEB9FB-8671-4138-9A66-8BD23150F3D8} = {C58316D7-7442-4D44-8E01-DF3DCE634F8D}
		{6BE84CCF-E4B8-4C9C-A888-F84695A886E8} = {C58316D7-7442-4D44-8E01-DF3DCE634F8D}
		{A8E378F2-7386-40DC-8DDA-560AD55089E3} = {26019378-BBD4-4B56-812F-1AAEC1FDB052}
		{3DB9A729-196C-42AF-B2B9-B84097A03246} = {26019378-BBD4-4B56-812F-1AAEC1FDB052}
		{3C107180-74F4-479A-A511-7D4EE306CEFF} = {26019378-BBD4-4B56-812F-1AAEC1FDB052}
		{19C5512A-760C-495C-924D-20B7275DB8C0} = {5C67FD87-72E3-4312-99EC-A78697000879}
		{2527A864-16CE-4FB3-BB0C-E9703FB349D1} = {5C67FD87-72E3-4312-99EC-A78697000879}
		{F02A0467-8665-4487-95F9-F419FCCC5E83} = {5C67FD87-72E3-4312-99EC-A78697000879}
		{7F2AD524-701F-4FE5-A605-AB4148FC5538} = {8FAAD60F-518C-4D18-A725-FA244545782F}
		{7219AD84-81E9-4398-8F71-AC67E0EDF76D} = {8FAAD60F-518C-4D18-A725-FA244545782F}
		{4D300E0C-89EE-454C-A3C1-B7B4E0D883B8} = {8FAAD60F-518C-4D18-A725-FA244545782F}
		{0E7464DF-44C0-43E6-AB0F-E53CDB0C4001} = {D4BD4696-1718-464C-8A61-C545A8E6D006}
		{A8997C79-F284-4DDB-A309-2F9C768BC753} = {D4BD4696-1718-464C-8A61-C545A8E6D006}
		{042B1DDA-A314-4388-8533-A638BB417148} = {D4BD4696-1718-464C-8A61-C545A8E6D006}
		{5ADC9ECD-9E2F-451C-9824-DAE0A2FBECC2} = {DB87EC80-D15F-4529-A1DA-0BC752A6AF5E}
		{E5920BF7-3BEB-42BF-B984-A58F32436E32} = {DB87EC80-D15F-4529-A1DA-0BC752A6AF5E}
		{8433DF87-742B-40E2-A9C6-7CA6797BD0D7} = {DB87EC80-D15F-4529-A1DA-0BC752A6AF5E}
		{41E22AF9-9001-44B8-B34B-80CFF0EE18DA} = {390EE4C4-12C0-4DC1-8895-2482D4C5BDDD}
		{D3C45179-5E64-46B7-A690-1C56342009DA} = {390EE4C4-12C0-4DC1-8895-2482D4C5BDDD}
		{8B8E76C8-229E-404A-AA6D-3822971F6ECF} = {390EE4C4-12C0-4DC1-8895-2482D4C5BDDD}
	EndGlobalSection
	GlobalSection(ExtensibilityGlobals) = postSolution
		SolutionGuid = {E40C7525-7636-4714-A51A-C86310EF01E8}
	EndGlobalSection
EndGlobal
